// !$*UTF8*$!
{
	archiveVersion = 1;
	classes = {
	};
	objectVersion = 46;
	objects = {

/* Begin PBXBuildFile section */
		5EB87D2C16EBD2CD005E3700 /* UIKit.framework in Frameworks */ = {isa = PBXBuildFile; fileRef = 5EB87D2B16EBD2CD005E3700 /* UIKit.framework */; };
		5EB87D2E16EBD2CD005E3700 /* Foundation.framework in Frameworks */ = {isa = PBXBuildFile; fileRef = 5EB87D2D16EBD2CD005E3700 /* Foundation.framework */; };
		5EB87D3016EBD2CD005E3700 /* CoreGraphics.framework in Frameworks */ = {isa = PBXBuildFile; fileRef = 5EB87D2F16EBD2CD005E3700 /* CoreGraphics.framework */; };
		5EB87D3616EBD2CD005E3700 /* InfoPlist.strings in Resources */ = {isa = PBXBuildFile; fileRef = 5EB87D3416EBD2CD005E3700 /* InfoPlist.strings */; };
		5EB87D3816EBD2CD005E3700 /* main.m in Sources */ = {isa = PBXBuildFile; fileRef = 5EB87D3716EBD2CD005E3700 /* main.m */; };
		5EB87D3C16EBD2CD005E3700 /* AppDelegate.m in Sources */ = {isa = PBXBuildFile; fileRef = 5EB87D3B16EBD2CD005E3700 /* AppDelegate.m */; };
		5EB87D3E16EBD2CD005E3700 /* Default.png in Resources */ = {isa = PBXBuildFile; fileRef = 5EB87D3D16EBD2CD005E3700 /* Default.png */; };
		5EB87D4016EBD2CD005E3700 /* Default@2x.png in Resources */ = {isa = PBXBuildFile; fileRef = 5EB87D3F16EBD2CD005E3700 /* Default@2x.png */; };
		5EB87D4216EBD2CD005E3700 /* Default-568h@2x.png in Resources */ = {isa = PBXBuildFile; fileRef = 5EB87D4116EBD2CD005E3700 /* Default-568h@2x.png */; };
		5EB87D4516EBD2CD005E3700 /* MainStoryboard.storyboard in Resources */ = {isa = PBXBuildFile; fileRef = 5EB87D4316EBD2CD005E3700 /* MainStoryboard.storyboard */; };
		5EB87D4816EBD2CD005E3700 /* ViewController.m in Sources */ = {isa = PBXBuildFile; fileRef = 5EB87D4716EBD2CD005E3700 /* ViewController.m */; };
		5EB87D4F16EBD561005E3700 /* collie.jpeg in Resources */ = {isa = PBXBuildFile; fileRef = 5EB87D4E16EBD561005E3700 /* collie.jpeg */; };
		5EB87D5116EBDC5B005E3700 /* 12888122-st-bernard-dog-with-keg-ready-for-rescue-operation.jpg in Resources */ = {isa = PBXBuildFile; fileRef = 5EB87D5016EBDC5B005E3700 /* 12888122-st-bernard-dog-with-keg-ready-for-rescue-operation.jpg */; };
		5EB87D5316EBDCC1005E3700 /* poodle.jpg in Resources */ = {isa = PBXBuildFile; fileRef = 5EB87D5216EBDCC1005E3700 /* poodle.jpg */; };
		5EB87D5516EBE434005E3700 /* mail.google.com.png in Resources */ = {isa = PBXBuildFile; fileRef = 5EB87D5416EBE434005E3700 /* mail.google.com.png */; };
		5EB87D5716EBE454005E3700 /* mail.google.com2.png in Resources */ = {isa = PBXBuildFile; fileRef = 5EB87D5616EBE454005E3700 /* mail.google.com2.png */; };
/* End PBXBuildFile section */

/* Begin PBXFileReference section */
		5EB87D2816EBD2CD005E3700 /* DogPark.app */ = {isa = PBXFileReference; explicitFileType = wrapper.application; includeInIndex = 0; path = DogPark.app; sourceTree = BUILT_PRODUCTS_DIR; };
		5EB87D2B16EBD2CD005E3700 /* UIKit.framework */ = {isa = PBXFileReference; lastKnownFileType = wrapper.framework; name = UIKit.framework; path = System/Library/Frameworks/UIKit.framework; sourceTree = SDKROOT; };
		5EB87D2D16EBD2CD005E3700 /* Foundation.framework */ = {isa = PBXFileReference; lastKnownFileType = wrapper.framework; name = Foundation.framework; path = System/Library/Frameworks/Foundation.framework; sourceTree = SDKROOT; };
		5EB87D2F16EBD2CD005E3700 /* CoreGraphics.framework */ = {isa = PBXFileReference; lastKnownFileType = wrapper.framework; name = CoreGraphics.framework; path = System/Library/Frameworks/CoreGraphics.framework; sourceTree = SDKROOT; };
		5EB87D3316EBD2CD005E3700 /* DogPark-Info.plist */ = {isa = PBXFileReference; lastKnownFileType = text.plist.xml; path = "DogPark-Info.plist"; sourceTree = "<group>"; };
		5EB87D3516EBD2CD005E3700 /* en */ = {isa = PBXFileReference; lastKnownFileType = text.plist.strings; name = en; path = en.lproj/InfoPlist.strings; sourceTree = "<group>"; };
		5EB87D3716EBD2CD005E3700 /* main.m */ = {isa = PBXFileReference; lastKnownFileType = sourcecode.c.objc; path = main.m; sourceTree = "<group>"; };
		5EB87D3916EBD2CD005E3700 /* DogPark-Prefix.pch */ = {isa = PBXFileReference; lastKnownFileType = sourcecode.c.h; path = "DogPark-Prefix.pch"; sourceTree = "<group>"; };
		5EB87D3A16EBD2CD005E3700 /* AppDelegate.h */ = {isa = PBXFileReference; lastKnownFileType = sourcecode.c.h; path = AppDelegate.h; sourceTree = "<group>"; };
		5EB87D3B16EBD2CD005E3700 /* AppDelegate.m */ = {isa = PBXFileReference; lastKnownFileType = sourcecode.c.objc; path = AppDelegate.m; sourceTree = "<group>"; };
		5EB87D3D16EBD2CD005E3700 /* Default.png */ = {isa = PBXFileReference; lastKnownFileType = image.png; path = Default.png; sourceTree = "<group>"; };
		5EB87D3F16EBD2CD005E3700 /* Default@2x.png */ = {isa = PBXFileReference; lastKnownFileType = image.png; path = "Default@2x.png"; sourceTree = "<group>"; };
		5EB87D4116EBD2CD005E3700 /* Default-568h@2x.png */ = {isa = PBXFileReference; lastKnownFileType = image.png; path = "Default-568h@2x.png"; sourceTree = "<group>"; };
		5EB87D4416EBD2CD005E3700 /* en */ = {isa = PBXFileReference; lastKnownFileType = file.storyboard; name = en; path = en.lproj/MainStoryboard.storyboard; sourceTree = "<group>"; };
		5EB87D4616EBD2CD005E3700 /* ViewController.h */ = {isa = PBXFileReference; lastKnownFileType = sourcecode.c.h; path = ViewController.h; sourceTree = "<group>"; };
		5EB87D4716EBD2CD005E3700 /* ViewController.m */ = {isa = PBXFileReference; lastKnownFileType = sourcecode.c.objc; path = ViewController.m; sourceTree = "<group>"; };
		5EB87D4E16EBD561005E3700 /* collie.jpeg */ = {isa = PBXFileReference; lastKnownFileType = image.jpeg; path = collie.jpeg; sourceTree = "<group>"; };
		5EB87D5016EBDC5B005E3700 /* 12888122-st-bernard-dog-with-keg-ready-for-rescue-operation.jpg */ = {isa = PBXFileReference; lastKnownFileType = image.jpeg; path = "12888122-st-bernard-dog-with-keg-ready-for-rescue-operation.jpg"; sourceTree = "<group>"; };
		5EB87D5216EBDCC1005E3700 /* poodle.jpg */ = {isa = PBXFileReference; lastKnownFileType = image.jpeg; path = poodle.jpg; sourceTree = "<group>"; };
		5EB87D5416EBE434005E3700 /* mail.google.com.png */ = {isa = PBXFileReference; lastKnownFileType = image.png; path = mail.google.com.png; sourceTree = "<group>"; };
		5EB87D5616EBE454005E3700 /* mail.google.com2.png */ = {isa = PBXFileReference; lastKnownFileType = image.png; path = mail.google.com2.png; sourceTree = "<group>"; };
/* End PBXFileReference section */

/* Begin PBXFrameworksBuildPhase section */
		5EB87D2516EBD2CD005E3700 /* Frameworks */ = {
			isa = PBXFrameworksBuildPhase;
			buildActionMask = 2147483647;
			files = (
				5EB87D2C16EBD2CD005E3700 /* UIKit.framework in Frameworks */,
				5EB87D2E16EBD2CD005E3700 /* Foundation.framework in Frameworks */,
				5EB87D3016EBD2CD005E3700 /* CoreGraphics.framework in Frameworks */,
			);
			runOnlyForDeploymentPostprocessing = 0;
		};
/* End PBXFrameworksBuildPhase section */

/* Begin PBXGroup section */
		5EB87D1F16EBD2CD005E3700 = {
			isa = PBXGroup;
			children = (
				5EB87D5616EBE454005E3700 /* mail.google.com2.png */,
				5EB87D5416EBE434005E3700 /* mail.google.com.png */,
				5EB87D3116EBD2CD005E3700 /* DogPark */,
				5EB87D2A16EBD2CD005E3700 /* Frameworks */,
				5EB87D2916EBD2CD005E3700 /* Products */,
			);
			sourceTree = "<group>";
		};
		5EB87D2916EBD2CD005E3700 /* Products */ = {
			isa = PBXGroup;
			children = (
				5EB87D2816EBD2CD005E3700 /* DogPark.app */,
			);
			name = Products;
			sourceTree = "<group>";
		};
		5EB87D2A16EBD2CD005E3700 /* Frameworks */ = {
			isa = PBXGroup;
			children = (
				5EB87D2B16EBD2CD005E3700 /* UIKit.framework */,
				5EB87D2D16EBD2CD005E3700 /* Foundation.framework */,
				5EB87D2F16EBD2CD005E3700 /* CoreGraphics.framework */,
			);
			name = Frameworks;
			sourceTree = "<group>";
		};
		5EB87D3116EBD2CD005E3700 /* DogPark */ = {
			isa = PBXGroup;
			children = (
				5EB87D3A16EBD2CD005E3700 /* AppDelegate.h */,
				5EB87D3B16EBD2CD005E3700 /* AppDelegate.m */,
				5EB87D4316EBD2CD005E3700 /* MainStoryboard.storyboard */,
				5EB87D4616EBD2CD005E3700 /* ViewController.h */,
				5EB87D4716EBD2CD005E3700 /* ViewController.m */,
				5EB87D3216EBD2CD005E3700 /* Supporting Files */,
			);
			path = DogPark;
			sourceTree = "<group>";
		};
		5EB87D3216EBD2CD005E3700 /* Supporting Files */ = {
			isa = PBXGroup;
			children = (
				5EB87D5016EBDC5B005E3700 /* 12888122-st-bernard-dog-with-keg-ready-for-rescue-operation.jpg */,
				5EB87D4E16EBD561005E3700 /* collie.jpeg */,
				5EB87D5216EBDCC1005E3700 /* poodle.jpg */,
				5EB87D3316EBD2CD005E3700 /* DogPark-Info.plist */,
				5EB87D3416EBD2CD005E3700 /* InfoPlist.strings */,
				5EB87D3716EBD2CD005E3700 /* main.m */,
				5EB87D3916EBD2CD005E3700 /* DogPark-Prefix.pch */,
				5EB87D3D16EBD2CD005E3700 /* Default.png */,
				5EB87D3F16EBD2CD005E3700 /* Default@2x.png */,
				5EB87D4116EBD2CD005E3700 /* Default-568h@2x.png */,
			);
			name = "Supporting Files";
			sourceTree = "<group>";
		};
/* End PBXGroup section */

/* Begin PBXNativeTarget section */
		5EB87D2716EBD2CD005E3700 /* DogPark */ = {
			isa = PBXNativeTarget;
			buildConfigurationList = 5EB87D4B16EBD2CD005E3700 /* Build configuration list for PBXNativeTarget "DogPark" */;
			buildPhases = (
				5EB87D2416EBD2CD005E3700 /* Sources */,
				5EB87D2516EBD2CD005E3700 /* Frameworks */,
				5EB87D2616EBD2CD005E3700 /* Resources */,
			);
			buildRules = (
			);
			dependencies = (
			);
			name = DogPark;
			productName = DogPark;
			productReference = 5EB87D2816EBD2CD005E3700 /* DogPark.app */;
			productType = "com.apple.product-type.application";
		};
/* End PBXNativeTarget section */

/* Begin PBXProject section */
		5EB87D2016EBD2CD005E3700 /* Project object */ = {
			isa = PBXProject;
			attributes = {
				LastUpgradeCheck = 0460;
				ORGANIZATIONNAME = "Eco-Friendly Fireflies";
			};
			buildConfigurationList = 5EB87D2316EBD2CD005E3700 /* Build configuration list for PBXProject "DogPark" */;
			compatibilityVersion = "Xcode 3.2";
			developmentRegion = English;
			hasScannedForEncodings = 0;
			knownRegions = (
				en,
			);
			mainGroup = 5EB87D1F16EBD2CD005E3700;
			productRefGroup = 5EB87D2916EBD2CD005E3700 /* Products */;
			projectDirPath = "";
			projectRoot = "";
			targets = (
				5EB87D2716EBD2CD005E3700 /* DogPark */,
			);
		};
/* End PBXProject section */

/* Begin PBXResourcesBuildPhase section */
		5EB87D2616EBD2CD005E3700 /* Resources */ = {
			isa = PBXResourcesBuildPhase;
			buildActionMask = 2147483647;
			files = (
				5EB87D3616EBD2CD005E3700 /* InfoPlist.strings in Resources */,
				5EB87D3E16EBD2CD005E3700 /* Default.png in Resources */,
				5EB87D4016EBD2CD005E3700 /* Default@2x.png in Resources */,
				5EB87D4216EBD2CD005E3700 /* Default-568h@2x.png in Resources */,
				5EB87D4516EBD2CD005E3700 /* MainStoryboard.storyboard in Resources */,
				5EB87D4F16EBD561005E3700 /* collie.jpeg in Resources */,
				5EB87D5116EBDC5B005E3700 /* 12888122-st-bernard-dog-with-keg-ready-for-rescue-operation.jpg in Resources */,
				5EB87D5316EBDCC1005E3700 /* poodle.jpg in Resources */,
				5EB87D5516EBE434005E3700 /* mail.google.com.png in Resources */,
				5EB87D5716EBE454005E3700 /* mail.google.com2.png in Resources */,
			);
			runOnlyForDeploymentPostprocessing = 0;
		};
/* End PBXResourcesBuildPhase section */

/* Begin PBXSourcesBuildPhase section */
		5EB87D2416EBD2CD005E3700 /* Sources */ = {
			isa = PBXSourcesBuildPhase;
			buildActionMask = 2147483647;
			files = (
				5EB87D3816EBD2CD005E3700 /* main.m in Sources */,
				5EB87D3C16EBD2CD005E3700 /* AppDelegate.m in Sources */,
				5EB87D4816EBD2CD005E3700 /* ViewController.m in Sources */,
			);
			runOnlyForDeploymentPostprocessing = 0;
		};
/* End PBXSourcesBuildPhase section */

/* Begin PBXVariantGroup section */
		5EB87D3416EBD2CD005E3700 /* InfoPlist.strings */ = {
			isa = PBXVariantGroup;
			children = (
				5EB87D3516EBD2CD005E3700 /* en */,
			);
			name = InfoPlist.strings;
			sourceTree = "<group>";
		};
		5EB87D4316EBD2CD005E3700 /* MainStoryboard.storyboard */ = {
			isa = PBXVariantGroup;
			children = (
				5EB87D4416EBD2CD005E3700 /* en */,
			);
			name = MainStoryboard.storyboard;
			sourceTree = "<group>";
		};
/* End PBXVariantGroup section */

/* Begin XCBuildConfiguration section */
		5EB87D4916EBD2CD005E3700 /* Debug */ = {
			isa = XCBuildConfiguration;
			buildSettings = {
				ALWAYS_SEARCH_USER_PATHS = NO;
				CLANG_CXX_LANGUAGE_STANDARD = "gnu++0x";
				CLANG_CXX_LIBRARY = "libc++";
				CLANG_ENABLE_OBJC_ARC = YES;
				CLANG_WARN_CONSTANT_CONVERSION = YES;
				CLANG_WARN_EMPTY_BODY = YES;
				CLANG_WARN_ENUM_CONVERSION = YES;
				CLANG_WARN_INT_CONVERSION = YES;
				CLANG_WARN__DUPLICATE_METHOD_MATCH = YES;
				"CODE_SIGN_IDENTITY[sdk=iphoneos*]" = "iPhone Developer";
				COPY_PHASE_STRIP = NO;
				GCC_C_LANGUAGE_STANDARD = gnu99;
				GCC_DYNAMIC_NO_PIC = NO;
				GCC_OPTIMIZATION_LEVEL = 0;
				GCC_PREPROCESSOR_DEFINITIONS = (
					"DEBUG=1",
					"$(inherited)",
				);
				GCC_SYMBOLS_PRIVATE_EXTERN = NO;
				GCC_WARN_ABOUT_RETURN_TYPE = YES;
				GCC_WARN_UNINITIALIZED_AUTOS = YES;
				GCC_WARN_UNUSED_VARIABLE = YES;
				IPHONEOS_DEPLOYMENT_TARGET = 6.1;
				ONLY_ACTIVE_ARCH = YES;
				SDKROOT = iphoneos;
			};
			name = Debug;
		};
		5EB87D4A16EBD2CD005E3700 /* Release */ = {
			isa = XCBuildConfiguration;
			buildSettings = {
				ALWAYS_SEARCH_USER_PATHS = NO;
				CLANG_CXX_LANGUAGE_STANDARD = "gnu++0x";
				CLANG_CXX_LIBRARY = "libc++";
				CLANG_ENABLE_OBJC_ARC = YES;
				CLANG_WARN_CONSTANT_CONVERSION = YES;
				CLANG_WARN_EMPTY_BODY = YES;
				CLANG_WARN_ENUM_CONVERSION = YES;
				CLANG_WARN_INT_CONVERSION = YES;
				CLANG_WARN__DUPLICATE_METHOD_MATCH = YES;
				"CODE_SIGN_IDENTITY[sdk=iphoneos*]" = "iPhone Developer";
				COPY_PHASE_STRIP = YES;
				GCC_C_LANGUAGE_STANDARD = gnu99;
				GCC_WARN_ABOUT_RETURN_TYPE = YES;
				GCC_WARN_UNINITIALIZED_AUTOS = YES;
				GCC_WARN_UNUSED_VARIABLE = YES;
				IPHONEOS_DEPLOYMENT_TARGET = 6.1;
				OTHER_CFLAGS = "-DNS_BLOCK_ASSERTIONS=1";
				SDKROOT = iphoneos;
				VALIDATE_PRODUCT = YES;
			};
			name = Release;
		};
		5EB87D4C16EBD2CD005E3700 /* Debug */ = {
			isa = XCBuildConfiguration;
			buildSettings = {
				GCC_PRECOMPILE_PREFIX_HEADER = YES;
				GCC_PREFIX_HEADER = "DogPark/DogPark-Prefix.pch";
				INFOPLIST_FILE = "DogPark/DogPark-Info.plist";
				PRODUCT_NAME = "$(TARGET_NAME)";
				WRAPPER_EXTENSION = app;
			};
			name = Debug;
		};
		5EB87D4D16EBD2CD005E3700 /* Release */ = {
			isa = XCBuildConfiguration;
			buildSettings = {
				GCC_PRECOMPILE_PREFIX_HEADER = YES;
				GCC_PREFIX_HEADER = "DogPark/DogPark-Prefix.pch";
				INFOPLIST_FILE = "DogPark/DogPark-Info.plist";
				PRODUCT_NAME = "$(TARGET_NAME)";
				WRAPPER_EXTENSION = app;
			};
			name = Release;
		};
/* End XCBuildConfiguration section */

/* Begin XCConfigurationList section */
		5EB87D2316EBD2CD005E3700 /* Build configuration list for PBXProject "DogPark" */ = {
			isa = XCConfigurationList;
			buildConfigurations = (
				5EB87D4916EBD2CD005E3700 /* Debug */,
				5EB87D4A16EBD2CD005E3700 /* Release */,
			);
			defaultConfigurationIsVisible = 0;
			defaultConfigurationName = Release;
		};
		5EB87D4B16EBD2CD005E3700 /* Build configuration list for PBXNativeTarget "DogPark" */ = {
			isa = XCConfigurationList;
			buildConfigurations = (
				5EB87D4C16EBD2CD005E3700 /* Debug */,
				5EB87D4D16EBD2CD005E3700 /* Release */,
			);
			defaultConfigurationIsVisible = 0;
		};
/* End XCConfigurationList section */
	};
	rootObject = 5EB87D2016EBD2CD005E3700 /* Project object */;
}
